
Microsoft Visual Studio Solution File, Format Version 12.00
# Visual Studio Version 16
VisualStudioVersion = 16.0.31328.270
MinimumVisualStudioVersion = 10.0.40219.1
Project("{FAE04EC0-301F-11D3-BF4B-00C04F79EFBC}") = "api", "api.csproj", "{E069E885-0A71-424A-BF57-35C923F5083E}"
EndProject
Global
	GlobalSection(SolutionConfigurationPlatforms) = preSolution
		Debug|Any CPU = Debug|Any CPU
		Release|Any CPU = Release|Any CPU
	EndGlobalSection
	GlobalSection(ProjectConfigurationPlatforms) = postSolution
		{E069E885-0A71-424A-BF57-35C923F5083E}.Debug|Any CPU.ActiveCfg = Debug|Any CPU
		{E069E885-0A71-424A-BF57-35C923F5083E}.Debug|Any CPU.Build.0 = Debug|Any CPU
		{E069E885-0A71-424A-BF57-35C923F5083E}.Release|Any CPU.ActiveCfg = Release|Any CPU
		{E069E885-0A71-424A-BF57-35C923F5083E}.Release|Any CPU.Build.0 = Release|Any CPU
	EndGlobalSection
	GlobalSection(SolutionProperties) = preSolution
		HideSolutionNode = FALSE
	EndGlobalSection
	GlobalSection(ExtensibilityGlobals) = postSolution
		SolutionGuid = {D3F0A719-0916-45BF-9BA1-F7E15AFE385C}
	EndGlobalSection
EndGlobal
